// !$*UTF8*$!
{
	archiveVersion = 1;
	classes = {
	};
	objectVersion = 56;
	objects = {

/* Begin PBXBuildFile section */
		000BF80529A83F3D00F4C33D /* gyrifierApp.swift in Sources */ = {isa = PBXBuildFile; fileRef = 000BF80429A83F3D00F4C33D /* gyrifierApp.swift */; };
		000BF80729A83F3D00F4C33D /* EditView.swift in Sources */ = {isa = PBXBuildFile; fileRef = 000BF80629A83F3D00F4C33D /* EditView.swift */; };
		000BF80929A83F4000F4C33D /* Assets.xcassets in Resources */ = {isa = PBXBuildFile; fileRef = 000BF80829A83F4000F4C33D /* Assets.xcassets */; };
		000BF80C29A83F4000F4C33D /* Preview Assets.xcassets in Resources */ = {isa = PBXBuildFile; fileRef = 000BF80B29A83F4000F4C33D /* Preview Assets.xcassets */; };
		000BF80E29A83F4000F4C33D /* Persistence.swift in Sources */ = {isa = PBXBuildFile; fileRef = 000BF80D29A83F4000F4C33D /* Persistence.swift */; };
		000BF81129A83F4000F4C33D /* gyrifier.xcdatamodeld in Sources */ = {isa = PBXBuildFile; fileRef = 000BF80F29A83F4000F4C33D /* gyrifier.xcdatamodeld */; };
		000BF81C29A83F4000F4C33D /* gyrifierTests.swift in Sources */ = {isa = PBXBuildFile; fileRef = 000BF81B29A83F4000F4C33D /* gyrifierTests.swift */; };
		000BF82629A83F4000F4C33D /* gyrifierUITests.swift in Sources */ = {isa = PBXBuildFile; fileRef = 000BF82529A83F4000F4C33D /* gyrifierUITests.swift */; };
		000BF82829A83F4000F4C33D /* gyrifierUITestsLaunchTests.swift in Sources */ = {isa = PBXBuildFile; fileRef = 000BF82729A83F4000F4C33D /* gyrifierUITestsLaunchTests.swift */; };
		002BF16F29B25D9200AA6D15 /* HomeView.swift in Sources */ = {isa = PBXBuildFile; fileRef = 002BF16E29B25D9200AA6D15 /* HomeView.swift */; };
		002BF17129B264F200AA6D15 /* ReviewView.swift in Sources */ = {isa = PBXBuildFile; fileRef = 002BF17029B264F200AA6D15 /* ReviewView.swift */; };
		006F189D29B64EEB00740543 /* DetailView.swift in Sources */ = {isa = PBXBuildFile; fileRef = 006F189C29B64EEB00740543 /* DetailView.swift */; };
		006F189F29B6591200740543 /* AddCardView.swift in Sources */ = {isa = PBXBuildFile; fileRef = 006F189E29B6591200740543 /* AddCardView.swift */; };
		00D31FD929BF7FAE0007EA83 /* Navigator.swift in Sources */ = {isa = PBXBuildFile; fileRef = 00D31FD829BF7FAE0007EA83 /* Navigator.swift */; };
		00D31FDD29BF84270007EA83 /* HomePopup.swift in Sources */ = {isa = PBXBuildFile; fileRef = 00D31FDC29BF84270007EA83 /* HomePopup.swift */; };
		00D31FDF29BFA06A0007EA83 /* ViewExtension.swift in Sources */ = {isa = PBXBuildFile; fileRef = 00D31FDE29BFA06A0007EA83 /* ViewExtension.swift */; };
/* End PBXBuildFile section */

/* Begin PBXContainerItemProxy section */
		000BF81829A83F4000F4C33D /* PBXContainerItemProxy */ = {
			isa = PBXContainerItemProxy;
			containerPortal = 000BF7F929A83F3D00F4C33D /* Project object */;
			proxyType = 1;
			remoteGlobalIDString = 000BF80029A83F3D00F4C33D;
			remoteInfo = gyrifier;
		};
		000BF82229A83F4000F4C33D /* PBXContainerItemProxy */ = {
			isa = PBXContainerItemProxy;
			containerPortal = 000BF7F929A83F3D00F4C33D /* Project object */;
			proxyType = 1;
			remoteGlobalIDString = 000BF80029A83F3D00F4C33D;
			remoteInfo = gyrifier;
		};
/* End PBXContainerItemProxy section */

/* Begin PBXFileReference section */
		000BF80129A83F3D00F4C33D /* gyrifier.app */ = {isa = PBXFileReference; explicitFileType = wrapper.application; includeInIndex = 0; path = gyrifier.app; sourceTree = BUILT_PRODUCTS_DIR; };
		000BF80429A83F3D00F4C33D /* gyrifierApp.swift */ = {isa = PBXFileReference; lastKnownFileType = sourcecode.swift; path = gyrifierApp.swift; sourceTree = "<group>"; };
		000BF80629A83F3D00F4C33D /* EditView.swift */ = {isa = PBXFileReference; lastKnownFileType = sourcecode.swift; path = EditView.swift; sourceTree = "<group>"; };
		000BF80829A83F4000F4C33D /* Assets.xcassets */ = {isa = PBXFileReference; lastKnownFileType = folder.assetcatalog; path = Assets.xcassets; sourceTree = "<group>"; };
		000BF80B29A83F4000F4C33D /* Preview Assets.xcassets */ = {isa = PBXFileReference; lastKnownFileType = folder.assetcatalog; path = "Preview Assets.xcassets"; sourceTree = "<group>"; };
		000BF80D29A83F4000F4C33D /* Persistence.swift */ = {isa = PBXFileReference; lastKnownFileType = sourcecode.swift; path = Persistence.swift; sourceTree = "<group>"; };
		000BF81029A83F4000F4C33D /* gyrifier.xcdatamodel */ = {isa = PBXFileReference; lastKnownFileType = wrapper.xcdatamodel; path = gyrifier.xcdatamodel; sourceTree = "<group>"; };
		000BF81229A83F4000F4C33D /* Info.plist */ = {isa = PBXFileReference; lastKnownFileType = text.plist.xml; path = Info.plist; sourceTree = "<group>"; };
		000BF81729A83F4000F4C33D /* gyrifierTests.xctest */ = {isa = PBXFileReference; explicitFileType = wrapper.cfbundle; includeInIndex = 0; path = gyrifierTests.xctest; sourceTree = BUILT_PRODUCTS_DIR; };
		000BF81B29A83F4000F4C33D /* gyrifierTests.swift */ = {isa = PBXFileReference; lastKnownFileType = sourcecode.swift; path = gyrifierTests.swift; sourceTree = "<group>"; };
		000BF82129A83F4000F4C33D /* gyrifierUITests.xctest */ = {isa = PBXFileReference; explicitFileType = wrapper.cfbundle; includeInIndex = 0; path = gyrifierUITests.xctest; sourceTree = BUILT_PRODUCTS_DIR; };
		000BF82529A83F4000F4C33D /* gyrifierUITests.swift */ = {isa = PBXFileReference; lastKnownFileType = sourcecode.swift; path = gyrifierUITests.swift; sourceTree = "<group>"; };
		000BF82729A83F4000F4C33D /* gyrifierUITestsLaunchTests.swift */ = {isa = PBXFileReference; lastKnownFileType = sourcecode.swift; path = gyrifierUITestsLaunchTests.swift; sourceTree = "<group>"; };
		002BF16E29B25D9200AA6D15 /* HomeView.swift */ = {isa = PBXFileReference; lastKnownFileType = sourcecode.swift; path = HomeView.swift; sourceTree = "<group>"; };
		002BF17029B264F200AA6D15 /* ReviewView.swift */ = {isa = PBXFileReference; lastKnownFileType = sourcecode.swift; path = ReviewView.swift; sourceTree = "<group>"; };
		006F189C29B64EEB00740543 /* DetailView.swift */ = {isa = PBXFileReference; lastKnownFileType = sourcecode.swift; path = DetailView.swift; sourceTree = "<group>"; };
		006F189E29B6591200740543 /* AddCardView.swift */ = {isa = PBXFileReference; lastKnownFileType = sourcecode.swift; path = AddCardView.swift; sourceTree = "<group>"; };
		00D31FD829BF7FAE0007EA83 /* Navigator.swift */ = {isa = PBXFileReference; lastKnownFileType = sourcecode.swift; path = Navigator.swift; sourceTree = "<group>"; };
		00D31FDC29BF84270007EA83 /* HomePopup.swift */ = {isa = PBXFileReference; lastKnownFileType = sourcecode.swift; path = HomePopup.swift; sourceTree = "<group>"; };
		00D31FDE29BFA06A0007EA83 /* ViewExtension.swift */ = {isa = PBXFileReference; lastKnownFileType = sourcecode.swift; path = ViewExtension.swift; sourceTree = "<group>"; };
/* End PBXFileReference section */

/* Begin PBXFrameworksBuildPhase section */
		000BF7FE29A83F3D00F4C33D /* Frameworks */ = {
			isa = PBXFrameworksBuildPhase;
			buildActionMask = 2147483647;
			files = (
			);
			runOnlyForDeploymentPostprocessing = 0;
		};
		000BF81429A83F4000F4C33D /* Frameworks */ = {
			isa = PBXFrameworksBuildPhase;
			buildActionMask = 2147483647;
			files = (
			);
			runOnlyForDeploymentPostprocessing = 0;
		};
		000BF81E29A83F4000F4C33D /* Frameworks */ = {
			isa = PBXFrameworksBuildPhase;
			buildActionMask = 2147483647;
			files = (
			);
			runOnlyForDeploymentPostprocessing = 0;
		};
/* End PBXFrameworksBuildPhase section */

/* Begin PBXGroup section */
		000BF7F829A83F3D00F4C33D = {
			isa = PBXGroup;
			children = (
				000BF80329A83F3D00F4C33D /* gyrifier */,
				000BF81A29A83F4000F4C33D /* gyrifierTests */,
				000BF82429A83F4000F4C33D /* gyrifierUITests */,
				000BF80229A83F3D00F4C33D /* Products */,
			);
			sourceTree = "<group>";
		};
		000BF80229A83F3D00F4C33D /* Products */ = {
			isa = PBXGroup;
			children = (
				000BF80129A83F3D00F4C33D /* gyrifier.app */,
				000BF81729A83F4000F4C33D /* gyrifierTests.xctest */,
				000BF82129A83F4000F4C33D /* gyrifierUITests.xctest */,
			);
			name = Products;
			sourceTree = "<group>";
		};
		000BF80329A83F3D00F4C33D /* gyrifier */ = {
			isa = PBXGroup;
			children = (
				00D31FD729BF7FA20007EA83 /* Components */,
				002BF16D29B25CE000AA6D15 /* Views */,
				000BF80429A83F3D00F4C33D /* gyrifierApp.swift */,
				000BF80829A83F4000F4C33D /* Assets.xcassets */,
				000BF80D29A83F4000F4C33D /* Persistence.swift */,
				000BF81229A83F4000F4C33D /* Info.plist */,
				000BF80F29A83F4000F4C33D /* gyrifier.xcdatamodeld */,
				000BF80A29A83F4000F4C33D /* Preview Content */,
			);
			path = gyrifier;
			sourceTree = "<group>";
		};
		000BF80A29A83F4000F4C33D /* Preview Content */ = {
			isa = PBXGroup;
			children = (
				000BF80B29A83F4000F4C33D /* Preview Assets.xcassets */,
			);
			path = "Preview Content";
			sourceTree = "<group>";
		};
		000BF81A29A83F4000F4C33D /* gyrifierTests */ = {
			isa = PBXGroup;
			children = (
				000BF81B29A83F4000F4C33D /* gyrifierTests.swift */,
			);
			path = gyrifierTests;
			sourceTree = "<group>";
		};
		000BF82429A83F4000F4C33D /* gyrifierUITests */ = {
			isa = PBXGroup;
			children = (
				000BF82529A83F4000F4C33D /* gyrifierUITests.swift */,
				000BF82729A83F4000F4C33D /* gyrifierUITestsLaunchTests.swift */,
			);
			path = gyrifierUITests;
			sourceTree = "<group>";
		};
		002BF16D29B25CE000AA6D15 /* Views */ = {
			isa = PBXGroup;
			children = (
				000BF80629A83F3D00F4C33D /* EditView.swift */,
				002BF16E29B25D9200AA6D15 /* HomeView.swift */,
				002BF17029B264F200AA6D15 /* ReviewView.swift */,
				006F189C29B64EEB00740543 /* DetailView.swift */,
				006F189E29B6591200740543 /* AddCardView.swift */,
				00D31FDC29BF84270007EA83 /* HomePopup.swift */,
			);
			path = Views;
			sourceTree = "<group>";
		};
		00D31FD729BF7FA20007EA83 /* Components */ = {
			isa = PBXGroup;
			children = (
				00D31FD829BF7FAE0007EA83 /* Navigator.swift */,
				00D31FDE29BFA06A0007EA83 /* ViewExtension.swift */,
			);
			path = Components;
			sourceTree = "<group>";
		};
/* End PBXGroup section */

/* Begin PBXNativeTarget section */
		000BF80029A83F3D00F4C33D /* gyrifier */ = {
			isa = PBXNativeTarget;
			buildConfigurationList = 000BF82B29A83F4000F4C33D /* Build configuration list for PBXNativeTarget "gyrifier" */;
			buildPhases = (
				000BF7FD29A83F3D00F4C33D /* Sources */,
				000BF7FE29A83F3D00F4C33D /* Frameworks */,
				000BF7FF29A83F3D00F4C33D /* Resources */,
			);
			buildRules = (
			);
			dependencies = (
			);
			name = gyrifier;
			productName = gyrifier;
			productReference = 000BF80129A83F3D00F4C33D /* gyrifier.app */;
			productType = "com.apple.product-type.application";
		};
		000BF81629A83F4000F4C33D /* gyrifierTests */ = {
			isa = PBXNativeTarget;
			buildConfigurationList = 000BF82E29A83F4000F4C33D /* Build configuration list for PBXNativeTarget "gyrifierTests" */;
			buildPhases = (
				000BF81329A83F4000F4C33D /* Sources */,
				000BF81429A83F4000F4C33D /* Frameworks */,
				000BF81529A83F4000F4C33D /* Resources */,
			);
			buildRules = (
			);
			dependencies = (
				000BF81929A83F4000F4C33D /* PBXTargetDependency */,
			);
			name = gyrifierTests;
			productName = gyrifierTests;
			productReference = 000BF81729A83F4000F4C33D /* gyrifierTests.xctest */;
			productType = "com.apple.product-type.bundle.unit-test";
		};
		000BF82029A83F4000F4C33D /* gyrifierUITests */ = {
			isa = PBXNativeTarget;
			buildConfigurationList = 000BF83129A83F4000F4C33D /* Build configuration list for PBXNativeTarget "gyrifierUITests" */;
			buildPhases = (
				000BF81D29A83F4000F4C33D /* Sources */,
				000BF81E29A83F4000F4C33D /* Frameworks */,
				000BF81F29A83F4000F4C33D /* Resources */,
			);
			buildRules = (
			);
			dependencies = (
				000BF82329A83F4000F4C33D /* PBXTargetDependency */,
			);
			name = gyrifierUITests;
			productName = gyrifierUITests;
			productReference = 000BF82129A83F4000F4C33D /* gyrifierUITests.xctest */;
			productType = "com.apple.product-type.bundle.ui-testing";
		};
/* End PBXNativeTarget section */

/* Begin PBXProject section */
		000BF7F929A83F3D00F4C33D /* Project object */ = {
			isa = PBXProject;
			attributes = {
				BuildIndependentTargetsInParallel = 1;
				LastSwiftUpdateCheck = 1420;
				LastUpgradeCheck = 1420;
				TargetAttributes = {
					000BF80029A83F3D00F4C33D = {
						CreatedOnToolsVersion = 14.2;
					};
					000BF81629A83F4000F4C33D = {
						CreatedOnToolsVersion = 14.2;
						TestTargetID = 000BF80029A83F3D00F4C33D;
					};
					000BF82029A83F4000F4C33D = {
						CreatedOnToolsVersion = 14.2;
						TestTargetID = 000BF80029A83F3D00F4C33D;
					};
				};
			};
			buildConfigurationList = 000BF7FC29A83F3D00F4C33D /* Build configuration list for PBXProject "gyrifier" */;
			compatibilityVersion = "Xcode 14.0";
			developmentRegion = en;
			hasScannedForEncodings = 0;
			knownRegions = (
				en,
				Base,
			);
			mainGroup = 000BF7F829A83F3D00F4C33D;
			productRefGroup = 000BF80229A83F3D00F4C33D /* Products */;
			projectDirPath = "";
			projectRoot = "";
			targets = (
				000BF80029A83F3D00F4C33D /* gyrifier */,
				000BF81629A83F4000F4C33D /* gyrifierTests */,
				000BF82029A83F4000F4C33D /* gyrifierUITests */,
			);
		};
/* End PBXProject section */

/* Begin PBXResourcesBuildPhase section */
		000BF7FF29A83F3D00F4C33D /* Resources */ = {
			isa = PBXResourcesBuildPhase;
			buildActionMask = 2147483647;
			files = (
				000BF80C29A83F4000F4C33D /* Preview Assets.xcassets in Resources */,
				000BF80929A83F4000F4C33D /* Assets.xcassets in Resources */,
			);
			runOnlyForDeploymentPostprocessing = 0;
		};
		000BF81529A83F4000F4C33D /* Resources */ = {
			isa = PBXResourcesBuildPhase;
			buildActionMask = 2147483647;
			files = (
			);
			runOnlyForDeploymentPostprocessing = 0;
		};
		000BF81F29A83F4000F4C33D /* Resources */ = {
			isa = PBXResourcesBuildPhase;
			buildActionMask = 2147483647;
			files = (
			);
			runOnlyForDeploymentPostprocessing = 0;
		};
/* End PBXResourcesBuildPhase section */

/* Begin PBXSourcesBuildPhase section */
		000BF7FD29A83F3D00F4C33D /* Sources */ = {
			isa = PBXSourcesBuildPhase;
			buildActionMask = 2147483647;
			files = (
				000BF80E29A83F4000F4C33D /* Persistence.swift in Sources */,
				000BF80729A83F3D00F4C33D /* EditView.swift in Sources */,
				006F189F29B6591200740543 /* AddCardView.swift in Sources */,
				00D31FDD29BF84270007EA83 /* HomePopup.swift in Sources */,
				000BF81129A83F4000F4C33D /* gyrifier.xcdatamodeld in Sources */,
				00D31FD929BF7FAE0007EA83 /* Navigator.swift in Sources */,
				00D31FDF29BFA06A0007EA83 /* ViewExtension.swift in Sources */,
				006F189D29B64EEB00740543 /* DetailView.swift in Sources */,
				002BF16F29B25D9200AA6D15 /* HomeView.swift in Sources */,
				002BF17129B264F200AA6D15 /* ReviewView.swift in Sources */,
				000BF80529A83F3D00F4C33D /* gyrifierApp.swift in Sources */,
			);
			runOnlyForDeploymentPostprocessing = 0;
		};
		000BF81329A83F4000F4C33D /* Sources */ = {
			isa = PBXSourcesBuildPhase;
			buildActionMask = 2147483647;
			files = (
				000BF81C29A83F4000F4C33D /* gyrifierTests.swift in Sources */,
			);
			runOnlyForDeploymentPostprocessing = 0;
		};
		000BF81D29A83F4000F4C33D /* Sources */ = {
			isa = PBXSourcesBuildPhase;
			buildActionMask = 2147483647;
			files = (
				000BF82829A83F4000F4C33D /* gyrifierUITestsLaunchTests.swift in Sources */,
				000BF82629A83F4000F4C33D /* gyrifierUITests.swift in Sources */,
			);
			runOnlyForDeploymentPostprocessing = 0;
		};
/* End PBXSourcesBuildPhase section */

/* Begin PBXTargetDependency section */
		000BF81929A83F4000F4C33D /* PBXTargetDependency */ = {
			isa = PBXTargetDependency;
			target = 000BF80029A83F3D00F4C33D /* gyrifier */;
			targetProxy = 000BF81829A83F4000F4C33D /* PBXContainerItemProxy */;
		};
		000BF82329A83F4000F4C33D /* PBXTargetDependency */ = {
			isa = PBXTargetDependency;
			target = 000BF80029A83F3D00F4C33D /* gyrifier */;
			targetProxy = 000BF82229A83F4000F4C33D /* PBXContainerItemProxy */;
		};
/* End PBXTargetDependency section */

/* Begin XCBuildConfiguration section */
		000BF82929A83F4000F4C33D /* Debug */ = {
			isa = XCBuildConfiguration;
			buildSettings = {
				ALWAYS_SEARCH_USER_PATHS = NO;
				CLANG_ANALYZER_NONNULL = YES;
				CLANG_ANALYZER_NUMBER_OBJECT_CONVERSION = YES_AGGRESSIVE;
				CLANG_CXX_LANGUAGE_STANDARD = "gnu++20";
				CLANG_ENABLE_MODULES = YES;
				CLANG_ENABLE_OBJC_ARC = YES;
				CLANG_ENABLE_OBJC_WEAK = YES;
				CLANG_WARN_BLOCK_CAPTURE_AUTORELEASING = YES;
				CLANG_WARN_BOOL_CONVERSION = YES;
				CLANG_WARN_COMMA = YES;
				CLANG_WARN_CONSTANT_CONVERSION = YES;
				CLANG_WARN_DEPRECATED_OBJC_IMPLEMENTATIONS = YES;
				CLANG_WARN_DIRECT_OBJC_ISA_USAGE = YES_ERROR;
				CLANG_WARN_DOCUMENTATION_COMMENTS = YES;
				CLANG_WARN_EMPTY_BODY = YES;
				CLANG_WARN_ENUM_CONVERSION = YES;
				CLANG_WARN_INFINITE_RECURSION = YES;
				CLANG_WARN_INT_CONVERSION = YES;
				CLANG_WARN_NON_LITERAL_NULL_CONVERSION = YES;
				CLANG_WARN_OBJC_IMPLICIT_RETAIN_SELF = YES;
				CLANG_WARN_OBJC_LITERAL_CONVERSION = YES;
				CLANG_WARN_OBJC_ROOT_CLASS = YES_ERROR;
				CLANG_WARN_QUOTED_INCLUDE_IN_FRAMEWORK_HEADER = YES;
				CLANG_WARN_RANGE_LOOP_ANALYSIS = YES;
				CLANG_WARN_STRICT_PROTOTYPES = YES;
				CLANG_WARN_SUSPICIOUS_MOVE = YES;
				CLANG_WARN_UNGUARDED_AVAILABILITY = YES_AGGRESSIVE;
				CLANG_WARN_UNREACHABLE_CODE = YES;
				CLANG_WARN__DUPLICATE_METHOD_MATCH = YES;
				COPY_PHASE_STRIP = NO;
				DEBUG_INFORMATION_FORMAT = dwarf;
				ENABLE_STRICT_OBJC_MSGSEND = YES;
				ENABLE_TESTABILITY = YES;
				GCC_C_LANGUAGE_STANDARD = gnu11;
				GCC_DYNAMIC_NO_PIC = NO;
				GCC_NO_COMMON_BLOCKS = YES;
				GCC_OPTIMIZATION_LEVEL = 0;
				GCC_PREPROCESSOR_DEFINITIONS = (
					"DEBUG=1",
					"$(inherited)",
				);
				GCC_WARN_64_TO_32_BIT_CONVERSION = YES;
				GCC_WARN_ABOUT_RETURN_TYPE = YES_ERROR;
				GCC_WARN_UNDECLARED_SELECTOR = YES;
				GCC_WARN_UNINITIALIZED_AUTOS = YES_AGGRESSIVE;
				GCC_WARN_UNUSED_FUNCTION = YES;
				GCC_WARN_UNUSED_VARIABLE = YES;
				IPHONEOS_DEPLOYMENT_TARGET = 16.2;
				MTL_ENABLE_DEBUG_INFO = INCLUDE_SOURCE;
				MTL_FAST_MATH = YES;
				ONLY_ACTIVE_ARCH = YES;
				SDKROOT = iphoneos;
				SWIFT_ACTIVE_COMPILATION_CONDITIONS = DEBUG;
				SWIFT_OPTIMIZATION_LEVEL = "-Onone";
			};
			name = Debug;
		};
		000BF82A29A83F4000F4C33D /* Release */ = {
			isa = XCBuildConfiguration;
			buildSettings = {
				ALWAYS_SEARCH_USER_PATHS = NO;
				CLANG_ANALYZER_NONNULL = YES;
				CLANG_ANALYZER_NUMBER_OBJECT_CONVERSION = YES_AGGRESSIVE;
				CLANG_CXX_LANGUAGE_STANDARD = "gnu++20";
				CLANG_ENABLE_MODULES = YES;
				CLANG_ENABLE_OBJC_ARC = YES;
				CLANG_ENABLE_OBJC_WEAK = YES;
				CLANG_WARN_BLOCK_CAPTURE_AUTORELEASING = YES;
				CLANG_WARN_BOOL_CONVERSION = YES;
				CLANG_WARN_COMMA = YES;
				CLANG_WARN_CONSTANT_CONVERSION = YES;
				CLANG_WARN_DEPRECATED_OBJC_IMPLEMENTATIONS = YES;
				CLANG_WARN_DIRECT_OBJC_ISA_USAGE = YES_ERROR;
				CLANG_WARN_DOCUMENTATION_COMMENTS = YES;
				CLANG_WARN_EMPTY_BODY = YES;
				CLANG_WARN_ENUM_CONVERSION = YES;
				CLANG_WARN_INFINITE_RECURSION = YES;
				CLANG_WARN_INT_CONVERSION = YES;
				CLANG_WARN_NON_LITERAL_NULL_CONVERSION = YES;
				CLANG_WARN_OBJC_IMPLICIT_RETAIN_SELF = YES;
				CLANG_WARN_OBJC_LITERAL_CONVERSION = YES;
				CLANG_WARN_OBJC_ROOT_CLASS = YES_ERROR;
				CLANG_WARN_QUOTED_INCLUDE_IN_FRAMEWORK_HEADER = YES;
				CLANG_WARN_RANGE_LOOP_ANALYSIS = YES;
				CLANG_WARN_STRICT_PROTOTYPES = YES;
				CLANG_WARN_SUSPICIOUS_MOVE = YES;
				CLANG_WARN_UNGUARDED_AVAILABILITY = YES_AGGRESSIVE;
				CLANG_WARN_UNREACHABLE_CODE = YES;
				CLANG_WARN__DUPLICATE_METHOD_MATCH = YES;
				COPY_PHASE_STRIP = NO;
				DEBUG_INFORMATION_FORMAT = "dwarf-with-dsym";
				ENABLE_NS_ASSERTIONS = NO;
				ENABLE_STRICT_OBJC_MSGSEND = YES;
				GCC_C_LANGUAGE_STANDARD = gnu11;
				GCC_NO_COMMON_BLOCKS = YES;
				GCC_WARN_64_TO_32_BIT_CONVERSION = YES;
				GCC_WARN_ABOUT_RETURN_TYPE = YES_ERROR;
				GCC_WARN_UNDECLARED_SELECTOR = YES;
				GCC_WARN_UNINITIALIZED_AUTOS = YES_AGGRESSIVE;
				GCC_WARN_UNUSED_FUNCTION = YES;
				GCC_WARN_UNUSED_VARIABLE = YES;
				IPHONEOS_DEPLOYMENT_TARGET = 16.2;
				MTL_ENABLE_DEBUG_INFO = NO;
				MTL_FAST_MATH = YES;
				SDKROOT = iphoneos;
				SWIFT_COMPILATION_MODE = wholemodule;
				SWIFT_OPTIMIZATION_LEVEL = "-O";
				VALIDATE_PRODUCT = YES;
			};
			name = Release;
		};
		000BF82C29A83F4000F4C33D /* Debug */ = {
			isa = XCBuildConfiguration;
			buildSettings = {
				ASSETCATALOG_COMPILER_APPICON_NAME = AppIcon;
				ASSETCATALOG_COMPILER_GLOBAL_ACCENT_COLOR_NAME = AccentColor;
				CODE_SIGN_STYLE = Automatic;
				CURRENT_PROJECT_VERSION = 1;
				DEVELOPMENT_ASSET_PATHS = "\"gyrifier/Preview Content\"";
				DEVELOPMENT_TEAM = QCHJWXH5BM;
				ENABLE_PREVIEWS = YES;
				GENERATE_INFOPLIST_FILE = YES;
				INFOPLIST_KEY_UIApplicationSceneManifest_Generation = YES;
				INFOPLIST_KEY_UIApplicationSupportsIndirectInputEvents = YES;
				INFOPLIST_KEY_UILaunchScreen_Generation = YES;
				INFOPLIST_KEY_UISupportedInterfaceOrientations_iPad = "UIInterfaceOrientationPortrait UIInterfaceOrientationPortraitUpsideDown UIInterfaceOrientationLandscapeLeft UIInterfaceOrientationLandscapeRight";
				INFOPLIST_KEY_UISupportedInterfaceOrientations_iPhone = "UIInterfaceOrientationPortrait UIInterfaceOrientationLandscapeLeft UIInterfaceOrientationLandscapeRight";
				LD_RUNPATH_SEARCH_PATHS = (
					"$(inherited)",
					"@executable_path/Frameworks",
				);
				MARKETING_VERSION = 1.0;
				PRODUCT_BUNDLE_IDENTIFIER = com.slypuffin.gyrifier;
				PRODUCT_NAME = "$(TARGET_NAME)";
				SWIFT_EMIT_LOC_STRINGS = YES;
				SWIFT_VERSION = 5.0;
				TARGETED_DEVICE_FAMILY = "1,2";
			};
			name = Debug;
		};
		000BF82D29A83F4000F4C33D /* Release */ = {
			isa = XCBuildConfiguration;
			buildSettings = {
				ASSETCATALOG_COMPILER_APPICON_NAME = AppIcon;
				ASSETCATALOG_COMPILER_GLOBAL_ACCENT_COLOR_NAME = AccentColor;
				CODE_SIGN_STYLE = Automatic;
				CURRENT_PROJECT_VERSION = 1;
				DEVELOPMENT_ASSET_PATHS = "\"gyrifier/Preview Content\"";
				DEVELOPMENT_TEAM = QCHJWXH5BM;
				ENABLE_PREVIEWS = YES;
				GENERATE_INFOPLIST_FILE = YES;
				INFOPLIST_KEY_UIApplicationSceneManifest_Generation = YES;
				INFOPLIST_KEY_UIApplicationSupportsIndirectInputEvents = YES;
				INFOPLIST_KEY_UILaunchScreen_Generation = YES;
				INFOPLIST_KEY_UISupportedInterfaceOrientations_iPad = "UIInterfaceOrientationPortrait UIInterfaceOrientationPortraitUpsideDown UIInterfaceOrientationLandscapeLeft UIInterfaceOrientationLandscapeRight";
				INFOPLIST_KEY_UISupportedInterfaceOrientations_iPhone = "UIInterfaceOrientationPortrait UIInterfaceOrientationLandscapeLeft UIInterfaceOrientationLandscapeRight";
				LD_RUNPATH_SEARCH_PATHS = (
					"$(inherited)",
					"@executable_path/Frameworks",
				);
				MARKETING_VERSION = 1.0;
				PRODUCT_BUNDLE_IDENTIFIER = com.slypuffin.gyrifier;
				PRODUCT_NAME = "$(TARGET_NAME)";
				SWIFT_EMIT_LOC_STRINGS = YES;
				SWIFT_VERSION = 5.0;
				TARGETED_DEVICE_FAMILY = "1,2";
			};
			name = Release;
		};
		000BF82F29A83F4000F4C33D /* Debug */ = {
			isa = XCBuildConfiguration;
			buildSettings = {
				ALWAYS_EMBED_SWIFT_STANDARD_LIBRARIES = YES;
				BUNDLE_LOADER = "$(TEST_HOST)";
				CODE_SIGN_STYLE = Automatic;
				CURRENT_PROJECT_VERSION = 1;
				DEVELOPMENT_TEAM = QCHJWXH5BM;
				GENERATE_INFOPLIST_FILE = YES;
				IPHONEOS_DEPLOYMENT_TARGET = 16.2;
				MARKETING_VERSION = 1.0;
				PRODUCT_BUNDLE_IDENTIFIER = com.slypuffin.gyrifierTests;
				PRODUCT_NAME = "$(TARGET_NAME)";
				SWIFT_EMIT_LOC_STRINGS = NO;
				SWIFT_VERSION = 5.0;
				TARGETED_DEVICE_FAMILY = "1,2";
				TEST_HOST = "$(BUILT_PRODUCTS_DIR)/gyrifier.app/$(BUNDLE_EXECUTABLE_FOLDER_PATH)/gyrifier";
			};
			name = Debug;
		};
		000BF83029A83F4000F4C33D /* Release */ = {
			isa = XCBuildConfiguration;
			buildSettings = {
				ALWAYS_EMBED_SWIFT_STANDARD_LIBRARIES = YES;
				BUNDLE_LOADER = "$(TEST_HOST)";
				CODE_SIGN_STYLE = Automatic;
				CURRENT_PROJECT_VERSION = 1;
				DEVELOPMENT_TEAM = QCHJWXH5BM;
				GENERATE_INFOPLIST_FILE = YES;
				IPHONEOS_DEPLOYMENT_TARGET = 16.2;
				MARKETING_VERSION = 1.0;
				PRODUCT_BUNDLE_IDENTIFIER = com.slypuffin.gyrifierTests;
				PRODUCT_NAME = "$(TARGET_NAME)";
				SWIFT_EMIT_LOC_STRINGS = NO;
				SWIFT_VERSION = 5.0;
				TARGETED_DEVICE_FAMILY = "1,2";
				TEST_HOST = "$(BUILT_PRODUCTS_DIR)/gyrifier.app/$(BUNDLE_EXECUTABLE_FOLDER_PATH)/gyrifier";
			};
			name = Release;
		};
		000BF83229A83F4000F4C33D /* Debug */ = {
			isa = XCBuildConfiguration;
			buildSettings = {
				ALWAYS_EMBED_SWIFT_STANDARD_LIBRARIES = YES;
				CODE_SIGN_STYLE = Automatic;
				CURRENT_PROJECT_VERSION = 1;
				DEVELOPMENT_TEAM = QCHJWXH5BM;
				GENERATE_INFOPLIST_FILE = YES;
				MARKETING_VERSION = 1.0;
				PRODUCT_BUNDLE_IDENTIFIER = com.slypuffin.gyrifierUITests;
				PRODUCT_NAME = "$(TARGET_NAME)";
				SWIFT_EMIT_LOC_STRINGS = NO;
				SWIFT_VERSION = 5.0;
				TARGETED_DEVICE_FAMILY = "1,2";
				TEST_TARGET_NAME = gyrifier;
			};
			name = Debug;
		};
		000BF83329A83F4000F4C33D /* Release */ = {
			isa = XCBuildConfiguration;
			buildSettings = {
				ALWAYS_EMBED_SWIFT_STANDARD_LIBRARIES = YES;
				CODE_SIGN_STYLE = Automatic;
				CURRENT_PROJECT_VERSION = 1;
				DEVELOPMENT_TEAM = QCHJWXH5BM;
				GENERATE_INFOPLIST_FILE = YES;
				MARKETING_VERSION = 1.0;
				PRODUCT_BUNDLE_IDENTIFIER = com.slypuffin.gyrifierUITests;
				PRODUCT_NAME = "$(TARGET_NAME)";
				SWIFT_EMIT_LOC_STRINGS = NO;
				SWIFT_VERSION = 5.0;
				TARGETED_DEVICE_FAMILY = "1,2";
				TEST_TARGET_NAME = gyrifier;
			};
			name = Release;
		};
/* End XCBuildConfiguration section */

/* Begin XCConfigurationList section */
		000BF7FC29A83F3D00F4C33D /* Build configuration list for PBXProject "gyrifier" */ = {
			isa = XCConfigurationList;
			buildConfigurations = (
				000BF82929A83F4000F4C33D /* Debug */,
				000BF82A29A83F4000F4C33D /* Release */,
			);
			defaultConfigurationIsVisible = 0;
			defaultConfigurationName = Release;
		};
		000BF82B29A83F4000F4C33D /* Build configuration list for PBXNativeTarget "gyrifier" */ = {
			isa = XCConfigurationList;
			buildConfigurations = (
				000BF82C29A83F4000F4C33D /* Debug */,
				000BF82D29A83F4000F4C33D /* Release */,
			);
			defaultConfigurationIsVisible = 0;
			defaultConfigurationName = Release;
		};
		000BF82E29A83F4000F4C33D /* Build configuration list for PBXNativeTarget "gyrifierTests" */ = {
			isa = XCConfigurationList;
			buildConfigurations = (
				000BF82F29A83F4000F4C33D /* Debug */,
				000BF83029A83F4000F4C33D /* Release */,
			);
			defaultConfigurationIsVisible = 0;
			defaultConfigurationName = Release;
		};
		000BF83129A83F4000F4C33D /* Build configuration list for PBXNativeTarget "gyrifierUITests" */ = {
			isa = XCConfigurationList;
			buildConfigurations = (
				000BF83229A83F4000F4C33D /* Debug */,
				000BF83329A83F4000F4C33D /* Release */,
			);
			defaultConfigurationIsVisible = 0;
			defaultConfigurationName = Release;
		};
/* End XCConfigurationList section */

/* Begin XCVersionGroup section */
		000BF80F29A83F4000F4C33D /* gyrifier.xcdatamodeld */ = {
			isa = XCVersionGroup;
			children = (
				000BF81029A83F4000F4C33D /* gyrifier.xcdatamodel */,
			);
			currentVersion = 000BF81029A83F4000F4C33D /* gyrifier.xcdatamodel */;
			path = gyrifier.xcdatamodeld;
			sourceTree = "<group>";
			versionGroupType = wrapper.xcdatamodel;
		};
/* End XCVersionGroup section */
	};
	rootObject = 000BF7F929A83F3D00F4C33D /* Project object */;
}
